
Microsoft Visual Studio Solution File, Format Version 12.00
# Visual Studio Version 17
VisualStudioVersion = 17.13.35825.156 d17.13
MinimumVisualStudioVersion = 10.0.40219.1
Project("{FAE04EC0-301F-11D3-BF4B-00C04F79EFBC}") = "calc_1", "calc_1\calc_1.csproj", "{74D68C13-5F83-4144-9BDE-2EE597C02111}"
EndProject
Global
	GlobalSection(SolutionConfigurationPlatforms) = preSolution
		Debug|Any CPU = Debug|Any CPU
		Release|Any CPU = Release|Any CPU
	EndGlobalSection
	GlobalSection(ProjectConfigurationPlatforms) = postSolution
		{74D68C13-5F83-4144-9BDE-2EE597C02111}.Debug|Any CPU.ActiveCfg = Debug|Any CPU
		{74D68C13-5F83-4144-9BDE-2EE597C02111}.Debug|Any CPU.Build.0 = Debug|Any CPU
		{74D68C13-5F83-4144-9BDE-2EE597C02111}.Release|Any CPU.ActiveCfg = Release|Any CPU
		{74D68C13-5F83-4144-9BDE-2EE597C02111}.Release|Any CPU.Build.0 = Release|Any CPU
	EndGlobalSection
	GlobalSection(SolutionProperties) = preSolution
		HideSolutionNode = FALSE
	EndGlobalSection
	GlobalSection(ExtensibilityGlobals) = postSolution
		SolutionGuid = {58D757A2-775C-4766-8007-1A86802CB2C2}
	EndGlobalSection
EndGlobal
